
Microsoft Visual Studio Solution File, Format Version 12.00
# Visual Studio Version 17
VisualStudioVersion = 17.7.34221.43
MinimumVisualStudioVersion = 10.0.40219.1
Project("{FAE04EC0-301F-11D3-BF4B-00C04F79EFBC}") = "Oops", "Oops\Oops.csproj", "{AE00BC04-47CA-4F80-AAA6-D18CCF7DA99A}"
EndProject
Global
	GlobalSection(SolutionConfigurationPlatforms) = preSolution
		Debug|Any CPU = Debug|Any CPU
		Release|Any CPU = Release|Any CPU
	EndGlobalSection
	GlobalSection(ProjectConfigurationPlatforms) = postSolution
		{AE00BC04-47CA-4F80-AAA6-D18CCF7DA99A}.Debug|Any CPU.ActiveCfg = Debug|Any CPU
		{AE00BC04-47CA-4F80-AAA6-D18CCF7DA99A}.Debug|Any CPU.Build.0 = Debug|Any CPU
		{AE00BC04-47CA-4F80-AAA6-D18CCF7DA99A}.Release|Any CPU.ActiveCfg = Release|Any CPU
		{AE00BC04-47CA-4F80-AAA6-D18CCF7DA99A}.Release|Any CPU.Build.0 = Release|Any CPU
	EndGlobalSection
	GlobalSection(SolutionProperties) = preSolution
		HideSolutionNode = FALSE
	EndGlobalSection
	GlobalSection(ExtensibilityGlobals) = postSolution
		SolutionGuid = {FCD2E450-D471-4779-ABF8-F68057FF13B4}
	EndGlobalSection
EndGlobal
