
Microsoft Visual Studio Solution File, Format Version 12.00
# Visual Studio Version 17
VisualStudioVersion = 17.11.35208.52
MinimumVisualStudioVersion = 10.0.40219.1
Project("{FAE04EC0-301F-11D3-BF4B-00C04F79EFBC}") = "EFCoreCRUDDemo", "EFCoreCRUDDemo\EFCoreCRUDDemo.csproj", "{C7F1940B-6920-48F2-A4CD-2164C03290A8}"
EndProject
Global
	GlobalSection(SolutionConfigurationPlatforms) = preSolution
		Debug|Any CPU = Debug|Any CPU
		Release|Any CPU = Release|Any CPU
	EndGlobalSection
	GlobalSection(ProjectConfigurationPlatforms) = postSolution
		{C7F1940B-6920-48F2-A4CD-2164C03290A8}.Debug|Any CPU.ActiveCfg = Debug|Any CPU
		{C7F1940B-6920-48F2-A4CD-2164C03290A8}.Debug|Any CPU.Build.0 = Debug|Any CPU
		{C7F1940B-6920-48F2-A4CD-2164C03290A8}.Release|Any CPU.ActiveCfg = Release|Any CPU
		{C7F1940B-6920-48F2-A4CD-2164C03290A8}.Release|Any CPU.Build.0 = Release|Any CPU
	EndGlobalSection
	GlobalSection(SolutionProperties) = preSolution
		HideSolutionNode = FALSE
	EndGlobalSection
	GlobalSection(ExtensibilityGlobals) = postSolution
		SolutionGuid = {A2AED43D-E375-40B0-BDF0-69E739001B8C}
	EndGlobalSection
EndGlobal
