
Microsoft Visual Studio Solution File, Format Version 12.00
# Visual Studio Version 17
VisualStudioVersion = 17.7.34221.43
MinimumVisualStudioVersion = 10.0.40219.1
Project("{FAE04EC0-301F-11D3-BF4B-00C04F79EFBC}") = "LambdaExpressions", "LambdaExpressions\LambdaExpressions.csproj", "{B9116B06-BE2F-4214-A332-812F465C5088}"
EndProject
Global
	GlobalSection(SolutionConfigurationPlatforms) = preSolution
		Debug|Any CPU = Debug|Any CPU
		Release|Any CPU = Release|Any CPU
	EndGlobalSection
	GlobalSection(ProjectConfigurationPlatforms) = postSolution
		{B9116B06-BE2F-4214-A332-812F465C5088}.Debug|Any CPU.ActiveCfg = Debug|Any CPU
		{B9116B06-BE2F-4214-A332-812F465C5088}.Debug|Any CPU.Build.0 = Debug|Any CPU
		{B9116B06-BE2F-4214-A332-812F465C5088}.Release|Any CPU.ActiveCfg = Release|Any CPU
		{B9116B06-BE2F-4214-A332-812F465C5088}.Release|Any CPU.Build.0 = Release|Any CPU
	EndGlobalSection
	GlobalSection(SolutionProperties) = preSolution
		HideSolutionNode = FALSE
	EndGlobalSection
	GlobalSection(ExtensibilityGlobals) = postSolution
		SolutionGuid = {FDC7D30C-5BBD-4257-92A5-2D625984E92A}
	EndGlobalSection
EndGlobal
