
Microsoft Visual Studio Solution File, Format Version 12.00
# Visual Studio Version 17
VisualStudioVersion = 17.11.35208.52
MinimumVisualStudioVersion = 10.0.40219.1
Project("{FAE04EC0-301F-11D3-BF4B-00C04F79EFBC}") = "Exception Handling", "Exception Handling\Exception Handling.csproj", "{6114D08F-6AB5-4B1A-BEA9-136E011182A5}"
EndProject
Global
	GlobalSection(SolutionConfigurationPlatforms) = preSolution
		Debug|Any CPU = Debug|Any CPU
		Release|Any CPU = Release|Any CPU
	EndGlobalSection
	GlobalSection(ProjectConfigurationPlatforms) = postSolution
		{6114D08F-6AB5-4B1A-BEA9-136E011182A5}.Debug|Any CPU.ActiveCfg = Debug|Any CPU
		{6114D08F-6AB5-4B1A-BEA9-136E011182A5}.Debug|Any CPU.Build.0 = Debug|Any CPU
		{6114D08F-6AB5-4B1A-BEA9-136E011182A5}.Release|Any CPU.ActiveCfg = Release|Any CPU
		{6114D08F-6AB5-4B1A-BEA9-136E011182A5}.Release|Any CPU.Build.0 = Release|Any CPU
	EndGlobalSection
	GlobalSection(SolutionProperties) = preSolution
		HideSolutionNode = FALSE
	EndGlobalSection
	GlobalSection(ExtensibilityGlobals) = postSolution
		SolutionGuid = {853F864A-2455-423C-AACB-F47761B6DF1E}
	EndGlobalSection
EndGlobal
