
Microsoft Visual Studio Solution File, Format Version 12.00
# Visual Studio Version 17
VisualStudioVersion = 17.11.35208.52
MinimumVisualStudioVersion = 10.0.40219.1
Project("{FAE04EC0-301F-11D3-BF4B-00C04F79EFBC}") = "WebApplicationEFcore", "WebApplicationEFcore\WebApplicationEFcore.csproj", "{C8A8CE28-7D88-493A-96D6-915AB8578DC4}"
EndProject
Global
	GlobalSection(SolutionConfigurationPlatforms) = preSolution
		Debug|Any CPU = Debug|Any CPU
		Release|Any CPU = Release|Any CPU
	EndGlobalSection
	GlobalSection(ProjectConfigurationPlatforms) = postSolution
		{C8A8CE28-7D88-493A-96D6-915AB8578DC4}.Debug|Any CPU.ActiveCfg = Debug|Any CPU
		{C8A8CE28-7D88-493A-96D6-915AB8578DC4}.Debug|Any CPU.Build.0 = Debug|Any CPU
		{C8A8CE28-7D88-493A-96D6-915AB8578DC4}.Release|Any CPU.ActiveCfg = Release|Any CPU
		{C8A8CE28-7D88-493A-96D6-915AB8578DC4}.Release|Any CPU.Build.0 = Release|Any CPU
	EndGlobalSection
	GlobalSection(SolutionProperties) = preSolution
		HideSolutionNode = FALSE
	EndGlobalSection
	GlobalSection(ExtensibilityGlobals) = postSolution
		SolutionGuid = {CAC54447-E824-4132-8318-390DF445B999}
	EndGlobalSection
EndGlobal
